// !$*UTF8*$!
{
	archiveVersion = 1;
	classes = {
	};
	objectVersion = 50;
	objects = {

/* Begin PBXBuildFile section */
		9F997CEBB3D06ABC692FE16E /* Pods_Getaround_Challenge.framework in Frameworks */ = {isa = PBXBuildFile; fileRef = 3662A9F31593EEB0361E45BC /* Pods_Getaround_Challenge.framework */; };
		AC0FB6B4217747350048296C /* AppDelegate.swift in Sources */ = {isa = PBXBuildFile; fileRef = AC0FB6B3217747350048296C /* AppDelegate.swift */; };
		AC0FB6BB217747360048296C /* Assets.xcassets in Resources */ = {isa = PBXBuildFile; fileRef = AC0FB6BA217747360048296C /* Assets.xcassets */; };
		AC0FB6C9217747360048296C /* Getaround_ChallengeTests.swift in Sources */ = {isa = PBXBuildFile; fileRef = AC0FB6C8217747360048296C /* Getaround_ChallengeTests.swift */; };
		AC0FB6DC21789DC10048296C /* NetworkManager.swift in Sources */ = {isa = PBXBuildFile; fileRef = AC0FB6DB21789DC10048296C /* NetworkManager.swift */; };
		AC0FB6E02178A7550048296C /* MoviesViewController.swift in Sources */ = {isa = PBXBuildFile; fileRef = AC0FB6DF2178A7550048296C /* MoviesViewController.swift */; };
		AC0FB6E22178ACB50048296C /* Constants.swift in Sources */ = {isa = PBXBuildFile; fileRef = AC0FB6E12178ACB50048296C /* Constants.swift */; };
		AC0FB6E62178B0EB0048296C /* BaseViewController.swift in Sources */ = {isa = PBXBuildFile; fileRef = AC0FB6E52178B0EB0048296C /* BaseViewController.swift */; };
		AC0FB6E82178B5270048296C /* Movie.swift in Sources */ = {isa = PBXBuildFile; fileRef = AC0FB6E72178B5270048296C /* Movie.swift */; };
		AC0FB6EB2178B5700048296C /* MovieCollectionViewCell.swift in Sources */ = {isa = PBXBuildFile; fileRef = AC0FB6EA2178B5700048296C /* MovieCollectionViewCell.swift */; };
		AC0FB6ED2178BB680048296C /* UIView+Extension.swift in Sources */ = {isa = PBXBuildFile; fileRef = AC0FB6EC2178BB680048296C /* UIView+Extension.swift */; };
		AC0FB6EF2178C7F50048296C /* TMDBResultModel.swift in Sources */ = {isa = PBXBuildFile; fileRef = AC0FB6EE2178C7F50048296C /* TMDBResultModel.swift */; };
		AC0FB6F12178D9B20048296C /* MovieDetailsViewController.swift in Sources */ = {isa = PBXBuildFile; fileRef = AC0FB6F02178D9B20048296C /* MovieDetailsViewController.swift */; };
		F75CC460EB09D474EE33AD23 /* Pods_Getaround_ChallengeTests.framework in Frameworks */ = {isa = PBXBuildFile; fileRef = A3AD648279EED18627938292 /* Pods_Getaround_ChallengeTests.framework */; };
/* End PBXBuildFile section */

/* Begin PBXContainerItemProxy section */
		AC0FB6C5217747360048296C /* PBXContainerItemProxy */ = {
			isa = PBXContainerItemProxy;
			containerPortal = AC0FB6A8217747350048296C /* Project object */;
			proxyType = 1;
			remoteGlobalIDString = AC0FB6AF217747350048296C;
			remoteInfo = "Getaround Challenge";
		};
/* End PBXContainerItemProxy section */

/* Begin PBXFileReference section */
		01D47ACB294401D0FB0F74F7 /* Pods-Getaround ChallengeTests.debug.xcconfig */ = {isa = PBXFileReference; includeInIndex = 1; lastKnownFileType = text.xcconfig; name = "Pods-Getaround ChallengeTests.debug.xcconfig"; path = "Pods/Target Support Files/Pods-Getaround ChallengeTests/Pods-Getaround ChallengeTests.debug.xcconfig"; sourceTree = "<group>"; };
		3662A9F31593EEB0361E45BC /* Pods_Getaround_Challenge.framework */ = {isa = PBXFileReference; explicitFileType = wrapper.framework; includeInIndex = 0; path = Pods_Getaround_Challenge.framework; sourceTree = BUILT_PRODUCTS_DIR; };
		A3AD648279EED18627938292 /* Pods_Getaround_ChallengeTests.framework */ = {isa = PBXFileReference; explicitFileType = wrapper.framework; includeInIndex = 0; path = Pods_Getaround_ChallengeTests.framework; sourceTree = BUILT_PRODUCTS_DIR; };
		AC0FB6B0217747350048296C /* Getaround Challenge.app */ = {isa = PBXFileReference; explicitFileType = wrapper.application; includeInIndex = 0; path = "Getaround Challenge.app"; sourceTree = BUILT_PRODUCTS_DIR; };
		AC0FB6B3217747350048296C /* AppDelegate.swift */ = {isa = PBXFileReference; lastKnownFileType = sourcecode.swift; path = AppDelegate.swift; sourceTree = "<group>"; };
		AC0FB6BA217747360048296C /* Assets.xcassets */ = {isa = PBXFileReference; lastKnownFileType = folder.assetcatalog; path = Assets.xcassets; sourceTree = "<group>"; };
		AC0FB6BF217747360048296C /* Info.plist */ = {isa = PBXFileReference; lastKnownFileType = text.plist.xml; path = Info.plist; sourceTree = "<group>"; };
		AC0FB6C4217747360048296C /* Getaround ChallengeTests.xctest */ = {isa = PBXFileReference; explicitFileType = wrapper.cfbundle; includeInIndex = 0; path = "Getaround ChallengeTests.xctest"; sourceTree = BUILT_PRODUCTS_DIR; };
		AC0FB6C8217747360048296C /* Getaround_ChallengeTests.swift */ = {isa = PBXFileReference; lastKnownFileType = sourcecode.swift; path = Getaround_ChallengeTests.swift; sourceTree = "<group>"; };
		AC0FB6CA217747360048296C /* Info.plist */ = {isa = PBXFileReference; lastKnownFileType = text.plist.xml; path = Info.plist; sourceTree = "<group>"; };
		AC0FB6DB21789DC10048296C /* NetworkManager.swift */ = {isa = PBXFileReference; lastKnownFileType = sourcecode.swift; path = NetworkManager.swift; sourceTree = "<group>"; };
		AC0FB6DF2178A7550048296C /* MoviesViewController.swift */ = {isa = PBXFileReference; lastKnownFileType = sourcecode.swift; path = MoviesViewController.swift; sourceTree = "<group>"; };
		AC0FB6E12178ACB50048296C /* Constants.swift */ = {isa = PBXFileReference; lastKnownFileType = sourcecode.swift; path = Constants.swift; sourceTree = "<group>"; };
		AC0FB6E52178B0EB0048296C /* BaseViewController.swift */ = {isa = PBXFileReference; lastKnownFileType = sourcecode.swift; path = BaseViewController.swift; sourceTree = "<group>"; };
		AC0FB6E72178B5270048296C /* Movie.swift */ = {isa = PBXFileReference; lastKnownFileType = sourcecode.swift; path = Movie.swift; sourceTree = "<group>"; };
		AC0FB6EA2178B5700048296C /* MovieCollectionViewCell.swift */ = {isa = PBXFileReference; lastKnownFileType = sourcecode.swift; path = MovieCollectionViewCell.swift; sourceTree = "<group>"; };
		AC0FB6EC2178BB680048296C /* UIView+Extension.swift */ = {isa = PBXFileReference; lastKnownFileType = sourcecode.swift; path = "UIView+Extension.swift"; sourceTree = "<group>"; };
		AC0FB6EE2178C7F50048296C /* TMDBResultModel.swift */ = {isa = PBXFileReference; lastKnownFileType = sourcecode.swift; path = TMDBResultModel.swift; sourceTree = "<group>"; };
		AC0FB6F02178D9B20048296C /* MovieDetailsViewController.swift */ = {isa = PBXFileReference; lastKnownFileType = sourcecode.swift; path = MovieDetailsViewController.swift; sourceTree = "<group>"; };
		B161E3C6BCA0ACAA945B8019 /* Pods-Getaround ChallengeTests.release.xcconfig */ = {isa = PBXFileReference; includeInIndex = 1; lastKnownFileType = text.xcconfig; name = "Pods-Getaround ChallengeTests.release.xcconfig"; path = "Pods/Target Support Files/Pods-Getaround ChallengeTests/Pods-Getaround ChallengeTests.release.xcconfig"; sourceTree = "<group>"; };
		CA7934D974B8F76E9C515896 /* Pods-Getaround Challenge.debug.xcconfig */ = {isa = PBXFileReference; includeInIndex = 1; lastKnownFileType = text.xcconfig; name = "Pods-Getaround Challenge.debug.xcconfig"; path = "Pods/Target Support Files/Pods-Getaround Challenge/Pods-Getaround Challenge.debug.xcconfig"; sourceTree = "<group>"; };
		FE7B885C4EF02C09231429BE /* Pods-Getaround Challenge.release.xcconfig */ = {isa = PBXFileReference; includeInIndex = 1; lastKnownFileType = text.xcconfig; name = "Pods-Getaround Challenge.release.xcconfig"; path = "Pods/Target Support Files/Pods-Getaround Challenge/Pods-Getaround Challenge.release.xcconfig"; sourceTree = "<group>"; };
/* End PBXFileReference section */

/* Begin PBXFrameworksBuildPhase section */
		AC0FB6AD217747350048296C /* Frameworks */ = {
			isa = PBXFrameworksBuildPhase;
			buildActionMask = 2147483647;
			files = (
				9F997CEBB3D06ABC692FE16E /* Pods_Getaround_Challenge.framework in Frameworks */,
			);
			runOnlyForDeploymentPostprocessing = 0;
		};
		AC0FB6C1217747360048296C /* Frameworks */ = {
			isa = PBXFrameworksBuildPhase;
			buildActionMask = 2147483647;
			files = (
				F75CC460EB09D474EE33AD23 /* Pods_Getaround_ChallengeTests.framework in Frameworks */,
			);
			runOnlyForDeploymentPostprocessing = 0;
		};
/* End PBXFrameworksBuildPhase section */

/* Begin PBXGroup section */
		70136F8C72CFF0D5B5EC2523 /* Frameworks */ = {
			isa = PBXGroup;
			children = (
				3662A9F31593EEB0361E45BC /* Pods_Getaround_Challenge.framework */,
				A3AD648279EED18627938292 /* Pods_Getaround_ChallengeTests.framework */,
			);
			name = Frameworks;
			sourceTree = "<group>";
		};
		7F4D279659DA5208DD7D3D5A /* Pods */ = {
			isa = PBXGroup;
			children = (
				CA7934D974B8F76E9C515896 /* Pods-Getaround Challenge.debug.xcconfig */,
				FE7B885C4EF02C09231429BE /* Pods-Getaround Challenge.release.xcconfig */,
				01D47ACB294401D0FB0F74F7 /* Pods-Getaround ChallengeTests.debug.xcconfig */,
				B161E3C6BCA0ACAA945B8019 /* Pods-Getaround ChallengeTests.release.xcconfig */,
			);
			name = Pods;
			sourceTree = "<group>";
		};
		AC0FB6A7217747350048296C = {
			isa = PBXGroup;
			children = (
				AC0FB6B2217747350048296C /* Getaround Challenge */,
				AC0FB6C7217747360048296C /* Getaround ChallengeTests */,
				AC0FB6B1217747350048296C /* Products */,
				7F4D279659DA5208DD7D3D5A /* Pods */,
				70136F8C72CFF0D5B5EC2523 /* Frameworks */,
			);
			sourceTree = "<group>";
		};
		AC0FB6B1217747350048296C /* Products */ = {
			isa = PBXGroup;
			children = (
				AC0FB6B0217747350048296C /* Getaround Challenge.app */,
				AC0FB6C4217747360048296C /* Getaround ChallengeTests.xctest */,
			);
			name = Products;
			sourceTree = "<group>";
		};
		AC0FB6B2217747350048296C /* Getaround Challenge */ = {
			isa = PBXGroup;
			children = (
				AC0FB6B3217747350048296C /* AppDelegate.swift */,
				AC0FB6D721789D2E0048296C /* Managers */,
				AC0FB6D621789D290048296C /* Models */,
				AC0FB6D421789D1A0048296C /* Views */,
				AC0FB6D321789D0D0048296C /* ViewControllers */,
				AC0FB6DA21789D960048296C /* Utilities */,
				AC0FB6D921789D6E0048296C /* Supporting Files */,
			);
			path = "Getaround Challenge";
			sourceTree = "<group>";
		};
		AC0FB6C7217747360048296C /* Getaround ChallengeTests */ = {
			isa = PBXGroup;
			children = (
				AC0FB6C8217747360048296C /* Getaround_ChallengeTests.swift */,
				AC0FB6CA217747360048296C /* Info.plist */,
			);
			path = "Getaround ChallengeTests";
			sourceTree = "<group>";
		};
		AC0FB6D321789D0D0048296C /* ViewControllers */ = {
			isa = PBXGroup;
			children = (
				AC0FB6E52178B0EB0048296C /* BaseViewController.swift */,
				AC0FB6DF2178A7550048296C /* MoviesViewController.swift */,
				AC0FB6F02178D9B20048296C /* MovieDetailsViewController.swift */,
			);
			path = ViewControllers;
			sourceTree = "<group>";
		};
		AC0FB6D421789D1A0048296C /* Views */ = {
			isa = PBXGroup;
			children = (
				AC0FB6D521789D1F0048296C /* Cells */,
			);
			path = Views;
			sourceTree = "<group>";
		};
		AC0FB6D521789D1F0048296C /* Cells */ = {
			isa = PBXGroup;
			children = (
				AC0FB6E92178B55C0048296C /* CollectionViewCells */,
			);
			path = Cells;
			sourceTree = "<group>";
		};
		AC0FB6D621789D290048296C /* Models */ = {
			isa = PBXGroup;
			children = (
				AC0FB6E72178B5270048296C /* Movie.swift */,
				AC0FB6EE2178C7F50048296C /* TMDBResultModel.swift */,
			);
			path = Models;
			sourceTree = "<group>";
		};
		AC0FB6D721789D2E0048296C /* Managers */ = {
			isa = PBXGroup;
			children = (
				AC0FB6DB21789DC10048296C /* NetworkManager.swift */,
			);
			path = Managers;
			sourceTree = "<group>";
		};
		AC0FB6D921789D6E0048296C /* Supporting Files */ = {
			isa = PBXGroup;
			children = (
				AC0FB6BA217747360048296C /* Assets.xcassets */,
				AC0FB6BF217747360048296C /* Info.plist */,
			);
			path = "Supporting Files";
			sourceTree = "<group>";
		};
		AC0FB6DA21789D960048296C /* Utilities */ = {
			isa = PBXGroup;
			children = (
				AC0FB6E12178ACB50048296C /* Constants.swift */,
				AC0FB6EC2178BB680048296C /* UIView+Extension.swift */,
			);
			path = Utilities;
			sourceTree = "<group>";
		};
		AC0FB6E92178B55C0048296C /* CollectionViewCells */ = {
			isa = PBXGroup;
			children = (
				AC0FB6EA2178B5700048296C /* MovieCollectionViewCell.swift */,
			);
			path = CollectionViewCells;
			sourceTree = "<group>";
		};
/* End PBXGroup section */

/* Begin PBXNativeTarget section */
		AC0FB6AF217747350048296C /* Getaround Challenge */ = {
			isa = PBXNativeTarget;
			buildConfigurationList = AC0FB6CD217747360048296C /* Build configuration list for PBXNativeTarget "Getaround Challenge" */;
			buildPhases = (
				0038B0C87ADEC66B5FEEB343 /* [CP] Check Pods Manifest.lock */,
				AC0FB6AC217747350048296C /* Sources */,
				AC0FB6AD217747350048296C /* Frameworks */,
				AC0FB6AE217747350048296C /* Resources */,
				89B3F89A454C08426E6B0C1D /* [CP] Embed Pods Frameworks */,
			);
			buildRules = (
			);
			dependencies = (
			);
			name = "Getaround Challenge";
			productName = "Getaround Challenge";
			productReference = AC0FB6B0217747350048296C /* Getaround Challenge.app */;
			productType = "com.apple.product-type.application";
		};
		AC0FB6C3217747360048296C /* Getaround ChallengeTests */ = {
			isa = PBXNativeTarget;
			buildConfigurationList = AC0FB6D0217747360048296C /* Build configuration list for PBXNativeTarget "Getaround ChallengeTests" */;
			buildPhases = (
				FE1EC32910DFB23F9D2BA925 /* [CP] Check Pods Manifest.lock */,
				AC0FB6C0217747360048296C /* Sources */,
				AC0FB6C1217747360048296C /* Frameworks */,
				AC0FB6C2217747360048296C /* Resources */,
			);
			buildRules = (
			);
			dependencies = (
				AC0FB6C6217747360048296C /* PBXTargetDependency */,
			);
			name = "Getaround ChallengeTests";
			productName = "Getaround ChallengeTests";
			productReference = AC0FB6C4217747360048296C /* Getaround ChallengeTests.xctest */;
			productType = "com.apple.product-type.bundle.unit-test";
		};
/* End PBXNativeTarget section */

/* Begin PBXProject section */
		AC0FB6A8217747350048296C /* Project object */ = {
			isa = PBXProject;
			attributes = {
				LastSwiftUpdateCheck = 1000;
				LastUpgradeCheck = 1000;
				ORGANIZATIONNAME = "Guest User";
				TargetAttributes = {
					AC0FB6AF217747350048296C = {
						CreatedOnToolsVersion = 10.0;
					};
					AC0FB6C3217747360048296C = {
						CreatedOnToolsVersion = 10.0;
						TestTargetID = AC0FB6AF217747350048296C;
					};
				};
			};
			buildConfigurationList = AC0FB6AB217747350048296C /* Build configuration list for PBXProject "Getaround Challenge" */;
			compatibilityVersion = "Xcode 9.3";
			developmentRegion = en;
			hasScannedForEncodings = 0;
			knownRegions = (
				en,
				Base,
			);
			mainGroup = AC0FB6A7217747350048296C;
			productRefGroup = AC0FB6B1217747350048296C /* Products */;
			projectDirPath = "";
			projectRoot = "";
			targets = (
				AC0FB6AF217747350048296C /* Getaround Challenge */,
				AC0FB6C3217747360048296C /* Getaround ChallengeTests */,
			);
		};
/* End PBXProject section */

/* Begin PBXResourcesBuildPhase section */
		AC0FB6AE217747350048296C /* Resources */ = {
			isa = PBXResourcesBuildPhase;
			buildActionMask = 2147483647;
			files = (
				AC0FB6BB217747360048296C /* Assets.xcassets in Resources */,
			);
			runOnlyForDeploymentPostprocessing = 0;
		};
		AC0FB6C2217747360048296C /* Resources */ = {
			isa = PBXResourcesBuildPhase;
			buildActionMask = 2147483647;
			files = (
			);
			runOnlyForDeploymentPostprocessing = 0;
		};
/* End PBXResourcesBuildPhase section */

/* Begin PBXShellScriptBuildPhase section */
		0038B0C87ADEC66B5FEEB343 /* [CP] Check Pods Manifest.lock */ = {
			isa = PBXShellScriptBuildPhase;
			buildActionMask = 2147483647;
			files = (
			);
			inputFileListPaths = (
			);
			inputPaths = (
				"${PODS_PODFILE_DIR_PATH}/Podfile.lock",
				"${PODS_ROOT}/Manifest.lock",
			);
			name = "[CP] Check Pods Manifest.lock";
			outputFileListPaths = (
			);
			outputPaths = (
				"$(DERIVED_FILE_DIR)/Pods-Getaround Challenge-checkManifestLockResult.txt",
			);
			runOnlyForDeploymentPostprocessing = 0;
			shellPath = /bin/sh;
			shellScript = "diff \"${PODS_PODFILE_DIR_PATH}/Podfile.lock\" \"${PODS_ROOT}/Manifest.lock\" > /dev/null\nif [ $? != 0 ] ; then\n    # print error to STDERR\n    echo \"error: The sandbox is not in sync with the Podfile.lock. Run 'pod install' or update your CocoaPods installation.\" >&2\n    exit 1\nfi\n# This output is used by Xcode 'outputs' to avoid re-running this script phase.\necho \"SUCCESS\" > \"${SCRIPT_OUTPUT_FILE_0}\"\n";
			showEnvVarsInLog = 0;
		};
		89B3F89A454C08426E6B0C1D /* [CP] Embed Pods Frameworks */ = {
			isa = PBXShellScriptBuildPhase;
			buildActionMask = 2147483647;
			files = (
			);
			inputFileListPaths = (
			);
			inputPaths = (
				"${SRCROOT}/Pods/Target Support Files/Pods-Getaround Challenge/Pods-Getaround Challenge-frameworks.sh",
				"${BUILT_PRODUCTS_DIR}/Kingfisher/Kingfisher.framework",
			);
			name = "[CP] Embed Pods Frameworks";
			outputFileListPaths = (
			);
			outputPaths = (
				"${TARGET_BUILD_DIR}/${FRAMEWORKS_FOLDER_PATH}/Kingfisher.framework",
			);
			runOnlyForDeploymentPostprocessing = 0;
			shellPath = /bin/sh;
			shellScript = "\"${SRCROOT}/Pods/Target Support Files/Pods-Getaround Challenge/Pods-Getaround Challenge-frameworks.sh\"\n";
			showEnvVarsInLog = 0;
		};
		FE1EC32910DFB23F9D2BA925 /* [CP] Check Pods Manifest.lock */ = {
			isa = PBXShellScriptBuildPhase;
			buildActionMask = 2147483647;
			files = (
			);
			inputFileListPaths = (
			);
			inputPaths = (
				"${PODS_PODFILE_DIR_PATH}/Podfile.lock",
				"${PODS_ROOT}/Manifest.lock",
			);
			name = "[CP] Check Pods Manifest.lock";
			outputFileListPaths = (
			);
			outputPaths = (
				"$(DERIVED_FILE_DIR)/Pods-Getaround ChallengeTests-checkManifestLockResult.txt",
			);
			runOnlyForDeploymentPostprocessing = 0;
			shellPath = /bin/sh;
			shellScript = "diff \"${PODS_PODFILE_DIR_PATH}/Podfile.lock\" \"${PODS_ROOT}/Manifest.lock\" > /dev/null\nif [ $? != 0 ] ; then\n    # print error to STDERR\n    echo \"error: The sandbox is not in sync with the Podfile.lock. Run 'pod install' or update your CocoaPods installation.\" >&2\n    exit 1\nfi\n# This output is used by Xcode 'outputs' to avoid re-running this script phase.\necho \"SUCCESS\" > \"${SCRIPT_OUTPUT_FILE_0}\"\n";
			showEnvVarsInLog = 0;
		};
/* End PBXShellScriptBuildPhase section */

/* Begin PBXSourcesBuildPhase section */
		AC0FB6AC217747350048296C /* Sources */ = {
			isa = PBXSourcesBuildPhase;
			buildActionMask = 2147483647;
			files = (
				AC0FB6E82178B5270048296C /* Movie.swift in Sources */,
				AC0FB6DC21789DC10048296C /* NetworkManager.swift in Sources */,
				AC0FB6B4217747350048296C /* AppDelegate.swift in Sources */,
				AC0FB6ED2178BB680048296C /* UIView+Extension.swift in Sources */,
				AC0FB6E02178A7550048296C /* MoviesViewController.swift in Sources */,
				AC0FB6F12178D9B20048296C /* MovieDetailsViewController.swift in Sources */,
				AC0FB6EF2178C7F50048296C /* TMDBResultModel.swift in Sources */,
				AC0FB6E22178ACB50048296C /* Constants.swift in Sources */,
				AC0FB6E62178B0EB0048296C /* BaseViewController.swift in Sources */,
				AC0FB6EB2178B5700048296C /* MovieCollectionViewCell.swift in Sources */,
			);
			runOnlyForDeploymentPostprocessing = 0;
		};
		AC0FB6C0217747360048296C /* Sources */ = {
			isa = PBXSourcesBuildPhase;
			buildActionMask = 2147483647;
			files = (
				AC0FB6C9217747360048296C /* Getaround_ChallengeTests.swift in Sources */,
			);
			runOnlyForDeploymentPostprocessing = 0;
		};
/* End PBXSourcesBuildPhase section */

/* Begin PBXTargetDependency section */
		AC0FB6C6217747360048296C /* PBXTargetDependency */ = {
			isa = PBXTargetDependency;
			target = AC0FB6AF217747350048296C /* Getaround Challenge */;
			targetProxy = AC0FB6C5217747360048296C /* PBXContainerItemProxy */;
		};
/* End PBXTargetDependency section */

/* Begin XCBuildConfiguration section */
		AC0FB6CB217747360048296C /* Debug */ = {
			isa = XCBuildConfiguration;
			buildSettings = {
				ALWAYS_SEARCH_USER_PATHS = NO;
				CLANG_ANALYZER_NONNULL = YES;
				CLANG_ANALYZER_NUMBER_OBJECT_CONVERSION = YES_AGGRESSIVE;
				CLANG_CXX_LANGUAGE_STANDARD = "gnu++14";
				CLANG_CXX_LIBRARY = "libc++";
				CLANG_ENABLE_MODULES = YES;
				CLANG_ENABLE_OBJC_ARC = YES;
				CLANG_ENABLE_OBJC_WEAK = YES;
				CLANG_WARN_BLOCK_CAPTURE_AUTORELEASING = YES;
				CLANG_WARN_BOOL_CONVERSION = YES;
				CLANG_WARN_COMMA = YES;
				CLANG_WARN_CONSTANT_CONVERSION = YES;
				CLANG_WARN_DEPRECATED_OBJC_IMPLEMENTATIONS = YES;
				CLANG_WARN_DIRECT_OBJC_ISA_USAGE = YES_ERROR;
				CLANG_WARN_DOCUMENTATION_COMMENTS = YES;
				CLANG_WARN_EMPTY_BODY = YES;
				CLANG_WARN_ENUM_CONVERSION = YES;
				CLANG_WARN_INFINITE_RECURSION = YES;
				CLANG_WARN_INT_CONVERSION = YES;
				CLANG_WARN_NON_LITERAL_NULL_CONVERSION = YES;
				CLANG_WARN_OBJC_IMPLICIT_RETAIN_SELF = YES;
				CLANG_WARN_OBJC_LITERAL_CONVERSION = YES;
				CLANG_WARN_OBJC_ROOT_CLASS = YES_ERROR;
				CLANG_WARN_RANGE_LOOP_ANALYSIS = YES;
				CLANG_WARN_STRICT_PROTOTYPES = YES;
				CLANG_WARN_SUSPICIOUS_MOVE = YES;
				CLANG_WARN_UNGUARDED_AVAILABILITY = YES_AGGRESSIVE;
				CLANG_WARN_UNREACHABLE_CODE = YES;
				CLANG_WARN__DUPLICATE_METHOD_MATCH = YES;
				CODE_SIGN_IDENTITY = "iPhone Developer";
				COPY_PHASE_STRIP = NO;
				DEBUG_INFORMATION_FORMAT = dwarf;
				ENABLE_STRICT_OBJC_MSGSEND = YES;
				ENABLE_TESTABILITY = YES;
				GCC_C_LANGUAGE_STANDARD = gnu11;
				GCC_DYNAMIC_NO_PIC = NO;
				GCC_NO_COMMON_BLOCKS = YES;
				GCC_OPTIMIZATION_LEVEL = 0;
				GCC_PREPROCESSOR_DEFINITIONS = (
					"DEBUG=1",
					"$(inherited)",
				);
				GCC_WARN_64_TO_32_BIT_CONVERSION = YES;
				GCC_WARN_ABOUT_RETURN_TYPE = YES_ERROR;
				GCC_WARN_UNDECLARED_SELECTOR = YES;
				GCC_WARN_UNINITIALIZED_AUTOS = YES_AGGRESSIVE;
				GCC_WARN_UNUSED_FUNCTION = YES;
				GCC_WARN_UNUSED_VARIABLE = YES;
				IPHONEOS_DEPLOYMENT_TARGET = 12.0;
				MTL_ENABLE_DEBUG_INFO = INCLUDE_SOURCE;
				MTL_FAST_MATH = YES;
				ONLY_ACTIVE_ARCH = YES;
				SDKROOT = iphoneos;
				SWIFT_ACTIVE_COMPILATION_CONDITIONS = DEBUG;
				SWIFT_OPTIMIZATION_LEVEL = "-Onone";
			};
			name = Debug;
		};
		AC0FB6CC217747360048296C /* Release */ = {
			isa = XCBuildConfiguration;
			buildSettings = {
				ALWAYS_SEARCH_USER_PATHS = NO;
				CLANG_ANALYZER_NONNULL = YES;
				CLANG_ANALYZER_NUMBER_OBJECT_CONVERSION = YES_AGGRESSIVE;
				CLANG_CXX_LANGUAGE_STANDARD = "gnu++14";
				CLANG_CXX_LIBRARY = "libc++";
				CLANG_ENABLE_MODULES = YES;
				CLANG_ENABLE_OBJC_ARC = YES;
				CLANG_ENABLE_OBJC_WEAK = YES;
				CLANG_WARN_BLOCK_CAPTURE_AUTORELEASING = YES;
				CLANG_WARN_BOOL_CONVERSION = YES;
				CLANG_WARN_COMMA = YES;
				CLANG_WARN_CONSTANT_CONVERSION = YES;
				CLANG_WARN_DEPRECATED_OBJC_IMPLEMENTATIONS = YES;
				CLANG_WARN_DIRECT_OBJC_ISA_USAGE = YES_ERROR;
				CLANG_WARN_DOCUMENTATION_COMMENTS = YES;
				CLANG_WARN_EMPTY_BODY = YES;
				CLANG_WARN_ENUM_CONVERSION = YES;
				CLANG_WARN_INFINITE_RECURSION = YES;
				CLANG_WARN_INT_CONVERSION = YES;
				CLANG_WARN_NON_LITERAL_NULL_CONVERSION = YES;
				CLANG_WARN_OBJC_IMPLICIT_RETAIN_SELF = YES;
				CLANG_WARN_OBJC_LITERAL_CONVERSION = YES;
				CLANG_WARN_OBJC_ROOT_CLASS = YES_ERROR;
				CLANG_WARN_RANGE_LOOP_ANALYSIS = YES;
				CLANG_WARN_STRICT_PROTOTYPES = YES;
				CLANG_WARN_SUSPICIOUS_MOVE = YES;
				CLANG_WARN_UNGUARDED_AVAILABILITY = YES_AGGRESSIVE;
				CLANG_WARN_UNREACHABLE_CODE = YES;
				CLANG_WARN__DUPLICATE_METHOD_MATCH = YES;
				CODE_SIGN_IDENTITY = "iPhone Developer";
				COPY_PHASE_STRIP = NO;
				DEBUG_INFORMATION_FORMAT = "dwarf-with-dsym";
				ENABLE_NS_ASSERTIONS = NO;
				ENABLE_STRICT_OBJC_MSGSEND = YES;
				GCC_C_LANGUAGE_STANDARD = gnu11;
				GCC_NO_COMMON_BLOCKS = YES;
				GCC_WARN_64_TO_32_BIT_CONVERSION = YES;
				GCC_WARN_ABOUT_RETURN_TYPE = YES_ERROR;
				GCC_WARN_UNDECLARED_SELECTOR = YES;
				GCC_WARN_UNINITIALIZED_AUTOS = YES_AGGRESSIVE;
				GCC_WARN_UNUSED_FUNCTION = YES;
				GCC_WARN_UNUSED_VARIABLE = YES;
				IPHONEOS_DEPLOYMENT_TARGET = 12.0;
				MTL_ENABLE_DEBUG_INFO = NO;
				MTL_FAST_MATH = YES;
				SDKROOT = iphoneos;
				SWIFT_COMPILATION_MODE = wholemodule;
				SWIFT_OPTIMIZATION_LEVEL = "-O";
				VALIDATE_PRODUCT = YES;
			};
			name = Release;
		};
		AC0FB6CE217747360048296C /* Debug */ = {
			isa = XCBuildConfiguration;
			baseConfigurationReference = CA7934D974B8F76E9C515896 /* Pods-Getaround Challenge.debug.xcconfig */;
			buildSettings = {
				ASSETCATALOG_COMPILER_APPICON_NAME = AppIcon;
				CODE_SIGN_STYLE = Automatic;
				INFOPLIST_FILE = "Getaround Challenge/Supporting Files/Info.plist";
				LD_RUNPATH_SEARCH_PATHS = (
					"$(inherited)",
					"@executable_path/Frameworks",
				);
				PRODUCT_BUNDLE_IDENTIFIER = "com.muratyasar.Getaround-Challenge";
				PRODUCT_NAME = "$(TARGET_NAME)";
				SWIFT_VERSION = 4.2;
				TARGETED_DEVICE_FAMILY = 1;
			};
			name = Debug;
		};
		AC0FB6CF217747360048296C /* Release */ = {
			isa = XCBuildConfiguration;
			baseConfigurationReference = FE7B885C4EF02C09231429BE /* Pods-Getaround Challenge.release.xcconfig */;
			buildSettings = {
				ASSETCATALOG_COMPILER_APPICON_NAME = AppIcon;
				CODE_SIGN_STYLE = Automatic;
				INFOPLIST_FILE = "Getaround Challenge/Supporting Files/Info.plist";
				LD_RUNPATH_SEARCH_PATHS = (
					"$(inherited)",
					"@executable_path/Frameworks",
				);
				PRODUCT_BUNDLE_IDENTIFIER = "com.muratyasar.Getaround-Challenge";
				PRODUCT_NAME = "$(TARGET_NAME)";
				SWIFT_VERSION = 4.2;
				TARGETED_DEVICE_FAMILY = 1;
			};
			name = Release;
		};
		AC0FB6D1217747360048296C /* Debug */ = {
			isa = XCBuildConfiguration;
			baseConfigurationReference = 01D47ACB294401D0FB0F74F7 /* Pods-Getaround ChallengeTests.debug.xcconfig */;
			buildSettings = {
				ALWAYS_EMBED_SWIFT_STANDARD_LIBRARIES = YES;
				BUNDLE_LOADER = "$(TEST_HOST)";
				CODE_SIGN_STYLE = Automatic;
				INFOPLIST_FILE = "Getaround ChallengeTests/Info.plist";
				LD_RUNPATH_SEARCH_PATHS = (
					"$(inherited)",
					"@executable_path/Frameworks",
					"@loader_path/Frameworks",
				);
				PRODUCT_BUNDLE_IDENTIFIER = "com.muratyasar.Getaround-ChallengeTests";
				PRODUCT_NAME = "$(TARGET_NAME)";
				SWIFT_VERSION = 4.2;
				TARGETED_DEVICE_FAMILY = "1,2";
				TEST_HOST = "$(BUILT_PRODUCTS_DIR)/Getaround Challenge.app/Getaround Challenge";
			};
			name = Debug;
		};
		AC0FB6D2217747360048296C /* Release */ = {
			isa = XCBuildConfiguration;
			baseConfigurationReference = B161E3C6BCA0ACAA945B8019 /* Pods-Getaround ChallengeTests.release.xcconfig */;
			buildSettings = {
				ALWAYS_EMBED_SWIFT_STANDARD_LIBRARIES = YES;
				BUNDLE_LOADER = "$(TEST_HOST)";
				CODE_SIGN_STYLE = Automatic;
				INFOPLIST_FILE = "Getaround ChallengeTests/Info.plist";
				LD_RUNPATH_SEARCH_PATHS = (
					"$(inherited)",
					"@executable_path/Frameworks",
					"@loader_path/Frameworks",
				);
				PRODUCT_BUNDLE_IDENTIFIER = "com.muratyasar.Getaround-ChallengeTests";
				PRODUCT_NAME = "$(TARGET_NAME)";
				SWIFT_VERSION = 4.2;
				TARGETED_DEVICE_FAMILY = "1,2";
				TEST_HOST = "$(BUILT_PRODUCTS_DIR)/Getaround Challenge.app/Getaround Challenge";
			};
			name = Release;
		};
/* End XCBuildConfiguration section */

/* Begin XCConfigurationList section */
		AC0FB6AB217747350048296C /* Build configuration list for PBXProject "Getaround Challenge" */ = {
			isa = XCConfigurationList;
			buildConfigurations = (
				AC0FB6CB217747360048296C /* Debug */,
				AC0FB6CC217747360048296C /* Release */,
			);
			defaultConfigurationIsVisible = 0;
			defaultConfigurationName = Release;
		};
		AC0FB6CD217747360048296C /* Build configuration list for PBXNativeTarget "Getaround Challenge" */ = {
			isa = XCConfigurationList;
			buildConfigurations = (
				AC0FB6CE217747360048296C /* Debug */,
				AC0FB6CF217747360048296C /* Release */,
			);
			defaultConfigurationIsVisible = 0;
			defaultConfigurationName = Release;
		};
		AC0FB6D0217747360048296C /* Build configuration list for PBXNativeTarget "Getaround ChallengeTests" */ = {
			isa = XCConfigurationList;
			buildConfigurations = (
				AC0FB6D1217747360048296C /* Debug */,
				AC0FB6D2217747360048296C /* Release */,
			);
			defaultConfigurationIsVisible = 0;
			defaultConfigurationName = Release;
		};
/* End XCConfigurationList section */
	};
	rootObject = AC0FB6A8217747350048296C /* Project object */;
}
